{
  "pins" : [
    {
      "identity" : "stripe-terminal-ios",
      "kind" : "remoteSourceControl",
      "location" : "https://github.com/stripe/stripe-terminal-ios.git",
      "state" : {
        "revision" : "f582cccada5ef6d1650b8313e1de49d14120de0b",
        "version" : "5.7.0"
      }
    }
  ],
  "version" : 2
}
