PODS:
  - Flutter (1.0.0)
  - mek_stripe_terminal (0.0.1):
    - Flutter
    - StripeTerminal (~> 2.0)
  - permission_handler_apple (9.1.1):
    - Flutter
  - StripeTerminal (2.22.0)

DEPENDENCIES:
  - Flutter (from `Flutter`)
  - mek_stripe_terminal (from `.symlinks/plugins/mek_stripe_terminal/ios`)
  - permission_handler_apple (from `.symlinks/plugins/permission_handler_apple/ios`)

SPEC REPOS:
  trunk:
    - StripeTerminal

EXTERNAL SOURCES:
  Flutter:
    :path: Flutter
  mek_stripe_terminal:
    :path: ".symlinks/plugins/mek_stripe_terminal/ios"
  permission_handler_apple:
    :path: ".symlinks/plugins/permission_handler_apple/ios"

SPEC CHECKSUMS:
  Flutter: f04841e97a9d0b0a8025694d0796dd46242b2854
  mek_stripe_terminal: 6a534c746ac7ded1cf7325ed47653e42f34d7387
  permission_handler_apple: e76247795d700c14ea09e3a2d8855d41ee80a2e6
  StripeTerminal: a2582e80b02c34198ce47e55b5e0a3fac7e1438d

PODFILE CHECKSUM: cf4dc61115723a2c178f9ac6bcd06534dfb5b047

COCOAPODS: 1.12.1
