PODS:
  - Flutter (1.0.0)
  - mek_stripe_terminal (0.0.1):
    - Flutter
    - StripeTerminal (~> 2.23.1)
  - permission_handler_apple (9.1.1):
    - Flutter
  - StripeTerminal (2.23.1)

DEPENDENCIES:
  - Flutter (from `Flutter`)
  - mek_stripe_terminal (from `.symlinks/plugins/mek_stripe_terminal/ios`)
  - permission_handler_apple (from `.symlinks/plugins/permission_handler_apple/ios`)

SPEC REPOS:
  trunk:
    - StripeTerminal

EXTERNAL SOURCES:
  Flutter:
    :path: Flutter
  mek_stripe_terminal:
    :path: ".symlinks/plugins/mek_stripe_terminal/ios"
  permission_handler_apple:
    :path: ".symlinks/plugins/permission_handler_apple/ios"

SPEC CHECKSUMS:
  Flutter: f04841e97a9d0b0a8025694d0796dd46242b2854
  mek_stripe_terminal: 17949a2a2d052febd45c84d084f5c624a23aac6e
  permission_handler_apple: e76247795d700c14ea09e3a2d8855d41ee80a2e6
  StripeTerminal: 2a5e2cca803c6a0dac291cc494fe522c43ae632f

PODFILE CHECKSUM: cf4dc61115723a2c178f9ac6bcd06534dfb5b047

COCOAPODS: 1.12.1
